
Microsoft Visual Studio Solution File, Format Version 12.00
# Visual Studio Version 17
VisualStudioVersion = 17.9.34728.123
MinimumVisualStudioVersion = 10.0.40219.1
Project("{FAE04EC0-301F-11D3-BF4B-00C04F79EFBC}") = "Secret Code Name", "Secret Code Name\Secret Code Name.csproj", "{0E0D5E73-6713-4430-84C4-B77FF959F18B}"
EndProject
Global
	GlobalSection(SolutionConfigurationPlatforms) = preSolution
		Debug|Any CPU = Debug|Any CPU
		Release|Any CPU = Release|Any CPU
	EndGlobalSection
	GlobalSection(ProjectConfigurationPlatforms) = postSolution
		{0E0D5E73-6713-4430-84C4-B77FF959F18B}.Debug|Any CPU.ActiveCfg = Debug|Any CPU
		{0E0D5E73-6713-4430-84C4-B77FF959F18B}.Debug|Any CPU.Build.0 = Debug|Any CPU
		{0E0D5E73-6713-4430-84C4-B77FF959F18B}.Release|Any CPU.ActiveCfg = Release|Any CPU
		{0E0D5E73-6713-4430-84C4-B77FF959F18B}.Release|Any CPU.Build.0 = Release|Any CPU
	EndGlobalSection
	GlobalSection(SolutionProperties) = preSolution
		HideSolutionNode = FALSE
	EndGlobalSection
	GlobalSection(ExtensibilityGlobals) = postSolution
		SolutionGuid = {924B905F-6EC4-45B7-8DDB-E9A8723E64F7}
	EndGlobalSection
EndGlobal
